lockfileVersion: '6.0'

settings:
  autoInstallPeers: true
  excludeLinksFromLockfile: false

devDependencies:
  '@tauri-apps/cli':
    specifier: ^2.0.0-alpha.17
    version: 2.0.0-alpha.18

packages:

  /@tauri-apps/cli-darwin-arm64@2.0.0-alpha.18:
    resolution: {integrity: sha512-FBfbfSupOYG9BXmoGi1uRoMspqm5F0BdQbfgEuTkAnTl8cxUQnzOnoEc+qkd5+QqNCPssO89nsvijDLJmyK3AQ==}
    engines: {node: '>= 10'}
    cpu: [arm64]
    os: [darwin]
    requiresBuild: true
    dev: true
    optional: true

  /@tauri-apps/cli-darwin-x64@2.0.0-alpha.18:
    resolution: {integrity: sha512-RaKTqHQsqwAZub02WFp53Zhrh5B01hJgCyMlfwB3YnYTxOKi7ZEGraZg6ZZpnioUw6S6vc20IHS2NNjLjYv7XQ==}
    engines: {node: '>= 10'}
    cpu: [x64]
    os: [darwin]
    requiresBuild: true
    dev: true
    optional: true

  /@tauri-apps/cli-linux-arm-gnueabihf@2.0.0-alpha.18:
    resolution: {integrity: sha512-UJuhHcRtVHSVcLrOV9uWN3nqKI9iEEPZWD7FRgHwPyNWuhqMmgNEzZKoCHyCL30Hu8bUO7zPu3QuNmrT5odcWw==}
    engines: {node: '>= 10'}
    cpu: [arm]
    os: [linux]
    requiresBuild: true
    dev: true
    optional: true

  /@tauri-apps/cli-linux-arm64-gnu@2.0.0-alpha.18:
    resolution: {integrity: sha512-tFh+pKoLvxcIFq9POE2pBdXzzyjOakhDEX3LmClHtdm3Il8QDcXXfin1rdORgDTgpjnYHJRke4mZAjpVumhsFA==}
    engines: {node: '>= 10'}
    cpu: [arm64]
    os: [linux]
    requiresBuild: true
    dev: true
    optional: true

  /@tauri-apps/cli-linux-arm64-musl@2.0.0-alpha.18:
    resolution: {integrity: sha512-j9UuPVtvQ1O6xMAp4zaDvmrZpy2ANOltXmz1jD4pINpcFFzyfyZjQFCAhGNn5zu5JKut0jii+wQnMikBoTXkSg==}
    engines: {node: '>= 10'}
    cpu: [arm64]
    os: [linux]
    requiresBuild: true
    dev: true
    optional: true

  /@tauri-apps/cli-linux-x64-gnu@2.0.0-alpha.18:
    resolution: {integrity: sha512-HKxvXH8SGI8mrwdlRS9q9iQpTvJecyNN8O/Ie1FKwRPAfaGy6zNNFTbiNji15PilTL5bS3KrOzjZcHaQHLY9AA==}
    engines: {node: '>= 10'}
    cpu: [x64]
    os: [linux]
    requiresBuild: true
    dev: true
    optional: true

  /@tauri-apps/cli-linux-x64-musl@2.0.0-alpha.18:
    resolution: {integrity: sha512-gHjjsItqCiVXLNwXkv5GRmd+FmuNkbP2aM4hoYjhVtSKZpJzioxJl0CZTdZ8CHzuCjQ7M+FKHd9z3t15QQUMZw==}
    engines: {node: '>= 10'}
    cpu: [x64]
    os: [linux]
    requiresBuild: true
    dev: true
    optional: true

  /@tauri-apps/cli-win32-arm64-msvc@2.0.0-alpha.18:
    resolution: {integrity: sha512-ULzuaPlqFKkjviqafDdmYC+1ysja5cbLsP5P+pJw/cdwf/s/k6+xEYgcICqNMVgiynLhpRXWj0/ypN1t4xdBNQ==}
    engines: {node: '>= 10'}
    cpu: [arm64]
    os: [win32]
    requiresBuild: true
    dev: true
    optional: true

  /@tauri-apps/cli-win32-ia32-msvc@2.0.0-alpha.18:
    resolution: {integrity: sha512-mdt7JDZuZ4qFBlF1VBRRsLtabF/muy/ftFnDvUSNPTalLhX2rN6Tnu/N7qxeknlhChbVXL3mUTHRguhT2AfxtA==}
    engines: {node: '>= 10'}
    cpu: [ia32]
    os: [win32]
    requiresBuild: true
    dev: true
    optional: true

  /@tauri-apps/cli-win32-x64-msvc@2.0.0-alpha.18:
    resolution: {integrity: sha512-quIImUuN2bbUMX0WZKbeqpSlKT949e2AZJ93p/NaFd0op5EdFV6Z42Y5YpLb3PTodOen1J3wWCGKdLDc+sgcuA==}
    engines: {node: '>= 10'}
    cpu: [x64]
    os: [win32]
    requiresBuild: true
    dev: true
    optional: true

  /@tauri-apps/cli@2.0.0-alpha.18:
    resolution: {integrity: sha512-M6KynJjEVyJuuBbt6EaiGiyKh/v8CF3pzCYzpjTy/rG6YXsZTnqRCOQqdWCB0KyHeDsPSODmoaDGyFq+MoZfig==}
    engines: {node: '>= 10'}
    hasBin: true
    optionalDependencies:
      '@tauri-apps/cli-darwin-arm64': 2.0.0-alpha.18
      '@tauri-apps/cli-darwin-x64': 2.0.0-alpha.18
      '@tauri-apps/cli-linux-arm-gnueabihf': 2.0.0-alpha.18
      '@tauri-apps/cli-linux-arm64-gnu': 2.0.0-alpha.18
      '@tauri-apps/cli-linux-arm64-musl': 2.0.0-alpha.18
      '@tauri-apps/cli-linux-x64-gnu': 2.0.0-alpha.18
      '@tauri-apps/cli-linux-x64-musl': 2.0.0-alpha.18
      '@tauri-apps/cli-win32-arm64-msvc': 2.0.0-alpha.18
      '@tauri-apps/cli-win32-ia32-msvc': 2.0.0-alpha.18
      '@tauri-apps/cli-win32-x64-msvc': 2.0.0-alpha.18
    dev: true
